
Microsoft Visual Studio Solution File, Format Version 12.00
# Visual Studio 15
VisualStudioVersion = 15.0.27004.2005
MinimumVisualStudioVersion = 10.0.40219.1
Project("{FAE04EC0-301F-11D3-BF4B-00C04F79EFBC}") = "Temprel.ProductionTracking", "Temprel.ProductionTracking\Temprel.ProductionTracking.csproj", "{F76E15C8-86AE-41BE-9EC2-D7A8D1885271}"
EndProject
Project("{FAE04EC0-301F-11D3-BF4B-00C04F79EFBC}") = "Temprel.ProductionTracking.Core", "Temprel.ProductionTracking.Core\Temprel.ProductionTracking.Core.csproj", "{E6ED892B-4D86-42F1-9546-F517AA89215B}"
EndProject
Project("{FAE04EC0-301F-11D3-BF4B-00C04F79EFBC}") = "Temprel.ProductionTracking.Data", "Data\Temprel.ProductionTracking.Data.csproj", "{6C57DEE9-4ECC-4BE3-A65C-EE25BC678CA0}"
EndProject
Global
	GlobalSection(SolutionConfigurationPlatforms) = preSolution
		Debug|Any CPU = Debug|Any CPU
		Release|Any CPU = Release|Any CPU
	EndGlobalSection
	GlobalSection(ProjectConfigurationPlatforms) = postSolution
		{F76E15C8-86AE-41BE-9EC2-D7A8D1885271}.Debug|Any CPU.ActiveCfg = Debug|Any CPU
		{F76E15C8-86AE-41BE-9EC2-D7A8D1885271}.Debug|Any CPU.Build.0 = Debug|Any CPU
		{F76E15C8-86AE-41BE-9EC2-D7A8D1885271}.Release|Any CPU.ActiveCfg = Release|Any CPU
		{F76E15C8-86AE-41BE-9EC2-D7A8D1885271}.Release|Any CPU.Build.0 = Release|Any CPU
		{E6ED892B-4D86-42F1-9546-F517AA89215B}.Debug|Any CPU.ActiveCfg = Debug|Any CPU
		{E6ED892B-4D86-42F1-9546-F517AA89215B}.Debug|Any CPU.Build.0 = Debug|Any CPU
		{E6ED892B-4D86-42F1-9546-F517AA89215B}.Release|Any CPU.ActiveCfg = Release|Any CPU
		{E6ED892B-4D86-42F1-9546-F517AA89215B}.Release|Any CPU.Build.0 = Release|Any CPU
		{6C57DEE9-4ECC-4BE3-A65C-EE25BC678CA0}.Debug|Any CPU.ActiveCfg = Debug|Any CPU
		{6C57DEE9-4ECC-4BE3-A65C-EE25BC678CA0}.Debug|Any CPU.Build.0 = Debug|Any CPU
		{6C57DEE9-4ECC-4BE3-A65C-EE25BC678CA0}.Release|Any CPU.ActiveCfg = Release|Any CPU
		{6C57DEE9-4ECC-4BE3-A65C-EE25BC678CA0}.Release|Any CPU.Build.0 = Release|Any CPU
	EndGlobalSection
	GlobalSection(SolutionProperties) = preSolution
		HideSolutionNode = FALSE
	EndGlobalSection
	GlobalSection(ExtensibilityGlobals) = postSolution
		SolutionGuid = {B885F188-B722-4FD8-B3D4-7B4249BDC66B}
	EndGlobalSection
EndGlobal
